
Microsoft Visual Studio Solution File, Format Version 12.00
# Visual Studio Version 17
VisualStudioVersion = 17.5.33530.505
MinimumVisualStudioVersion = 10.0.40219.1
Project("{FAE04EC0-301F-11D3-BF4B-00C04F79EFBC}") = "BlazorChess", "BlazorChess.csproj", "{7EC01B18-FC30-4C40-81BD-B6557CA9C2DD}"
EndProject
Global
	GlobalSection(SolutionConfigurationPlatforms) = preSolution
		Debug|Any CPU = Debug|Any CPU
		Release|Any CPU = Release|Any CPU
	EndGlobalSection
	GlobalSection(ProjectConfigurationPlatforms) = postSolution
		{7EC01B18-FC30-4C40-81BD-B6557CA9C2DD}.Debug|Any CPU.ActiveCfg = Debug|Any CPU
		{7EC01B18-FC30-4C40-81BD-B6557CA9C2DD}.Debug|Any CPU.Build.0 = Debug|Any CPU
		{7EC01B18-FC30-4C40-81BD-B6557CA9C2DD}.Release|Any CPU.ActiveCfg = Release|Any CPU
		{7EC01B18-FC30-4C40-81BD-B6557CA9C2DD}.Release|Any CPU.Build.0 = Release|Any CPU
	EndGlobalSection
	GlobalSection(SolutionProperties) = preSolution
		HideSolutionNode = FALSE
	EndGlobalSection
	GlobalSection(ExtensibilityGlobals) = postSolution
		SolutionGuid = {477D0B96-1BFE-4830-B7F6-F0385A550184}
	EndGlobalSection
EndGlobal
